{
  "name": "adca-bot",
  "version": "1.0.0",
  "lockfileVersion": 1,
  "requires": true,
  "dependencies": {
    "ccxt": {
      "version": "1.33.7",
      "resolved": "https://registry.npmjs.org/ccxt/-/ccxt-1.33.7.tgz",
      "integrity": "sha512-Ta7vs8afzING+uFrEDlm1nFONNK+PQu4+zjrexhNMsitwqqzwgDbxGZbb3RNXAfeQP51NjtjwivgrnUjRUUCwQ=="
    },
    "nodemailer": {
      "version": "6.4.11",
      "resolved": "https://registry.npmjs.org/nodemailer/-/nodemailer-6.4.11.tgz",
      "integrity": "sha512-BVZBDi+aJV4O38rxsUh164Dk1NCqgh6Cm0rQSb9SK/DHGll/DrCMnycVDD7msJgZCnmVa8ASo8EZzR7jsgTukQ=="
    }
  }
}
